
Microsoft Visual Studio Solution File, Format Version 12.00
# Visual Studio Version 17
VisualStudioVersion = 17.4.33122.133
MinimumVisualStudioVersion = 10.0.40219.1
Project("{9A19103F-16F7-4668-BE54-9A1E7A4F7556}") = "Screenshot2", "Screenshot2\Screenshot2.csproj", "{E41ACECF-8A46-4443-B7D5-CC959386201D}"
EndProject
Global
	GlobalSection(SolutionConfigurationPlatforms) = preSolution
		Debug|Any CPU = Debug|Any CPU
		Release|Any CPU = Release|Any CPU
	EndGlobalSection
	GlobalSection(ProjectConfigurationPlatforms) = postSolution
		{E41ACECF-8A46-4443-B7D5-CC959386201D}.Debug|Any CPU.ActiveCfg = Debug|Any CPU
		{E41ACECF-8A46-4443-B7D5-CC959386201D}.Debug|Any CPU.Build.0 = Debug|Any CPU
		{E41ACECF-8A46-4443-B7D5-CC959386201D}.Release|Any CPU.ActiveCfg = Release|Any CPU
		{E41ACECF-8A46-4443-B7D5-CC959386201D}.Release|Any CPU.Build.0 = Release|Any CPU
	EndGlobalSection
	GlobalSection(SolutionProperties) = preSolution
		HideSolutionNode = FALSE
	EndGlobalSection
	GlobalSection(ExtensibilityGlobals) = postSolution
		SolutionGuid = {293B29E6-13DB-45B7-9A1A-FC67AF996913}
	EndGlobalSection
EndGlobal
